
Microsoft Visual Studio Solution File, Format Version 12.00
# Visual Studio Version 16
VisualStudioVersion = 16.0.30523.141
MinimumVisualStudioVersion = 10.0.40219.1
Project("{9A19103F-16F7-4668-BE54-9A1E7A4F7556}") = "003_Registry_dgaweda", "003_Registry_dgaweda.csproj", "{71E3E0C3-31F3-44DC-BA0A-C732C04F9745}"
EndProject
Project("{9A19103F-16F7-4668-BE54-9A1E7A4F7556}") = "RegistryTests", "..\RegistryTests\TESTS\RegistryTests.csproj", "{63B4C7B8-17FC-4681-BC03-E275B1F16A4E}"
EndProject
Global
	GlobalSection(SolutionConfigurationPlatforms) = preSolution
		Debug|Any CPU = Debug|Any CPU
		Release|Any CPU = Release|Any CPU
	EndGlobalSection
	GlobalSection(ProjectConfigurationPlatforms) = postSolution
		{71E3E0C3-31F3-44DC-BA0A-C732C04F9745}.Debug|Any CPU.ActiveCfg = Debug|Any CPU
		{71E3E0C3-31F3-44DC-BA0A-C732C04F9745}.Debug|Any CPU.Build.0 = Debug|Any CPU
		{71E3E0C3-31F3-44DC-BA0A-C732C04F9745}.Release|Any CPU.ActiveCfg = Release|Any CPU
		{71E3E0C3-31F3-44DC-BA0A-C732C04F9745}.Release|Any CPU.Build.0 = Release|Any CPU
		{63B4C7B8-17FC-4681-BC03-E275B1F16A4E}.Debug|Any CPU.ActiveCfg = Debug|Any CPU
		{63B4C7B8-17FC-4681-BC03-E275B1F16A4E}.Debug|Any CPU.Build.0 = Debug|Any CPU
		{63B4C7B8-17FC-4681-BC03-E275B1F16A4E}.Release|Any CPU.ActiveCfg = Release|Any CPU
		{63B4C7B8-17FC-4681-BC03-E275B1F16A4E}.Release|Any CPU.Build.0 = Release|Any CPU
	EndGlobalSection
	GlobalSection(SolutionProperties) = preSolution
		HideSolutionNode = FALSE
	EndGlobalSection
	GlobalSection(ExtensibilityGlobals) = postSolution
		SolutionGuid = {127ADF99-9E6B-4CB3-B5D2-40D5B97FEE75}
	EndGlobalSection
EndGlobal
