
Microsoft Visual Studio Solution File, Format Version 12.00
# Visual Studio Version 16
VisualStudioVersion = 16.0.30717.126
MinimumVisualStudioVersion = 10.0.40219.1
Project("{9A19103F-16F7-4668-BE54-9A1E7A4F7556}") = "Rynek", "..\..\Rynek\Rynek.csproj", "{CE7973F9-1416-4AD5-8494-3CD2DE9D250C}"
EndProject
Project("{FAE04EC0-301F-11D3-BF4B-00C04F79EFBC}") = "RynekTesty", "..\..\RynekTesty\RynekTesty.csproj", "{72DB3588-991A-405C-A2B1-1D36BF1D8A48}"
EndProject
Global
	GlobalSection(SolutionConfigurationPlatforms) = preSolution
		Debug|Any CPU = Debug|Any CPU
		Release|Any CPU = Release|Any CPU
	EndGlobalSection
	GlobalSection(ProjectConfigurationPlatforms) = postSolution
		{CE7973F9-1416-4AD5-8494-3CD2DE9D250C}.Debug|Any CPU.ActiveCfg = Debug|Any CPU
		{CE7973F9-1416-4AD5-8494-3CD2DE9D250C}.Debug|Any CPU.Build.0 = Debug|Any CPU
		{CE7973F9-1416-4AD5-8494-3CD2DE9D250C}.Release|Any CPU.ActiveCfg = Release|Any CPU
		{CE7973F9-1416-4AD5-8494-3CD2DE9D250C}.Release|Any CPU.Build.0 = Release|Any CPU
		{72DB3588-991A-405C-A2B1-1D36BF1D8A48}.Debug|Any CPU.ActiveCfg = Debug|Any CPU
		{72DB3588-991A-405C-A2B1-1D36BF1D8A48}.Debug|Any CPU.Build.0 = Debug|Any CPU
		{72DB3588-991A-405C-A2B1-1D36BF1D8A48}.Release|Any CPU.ActiveCfg = Release|Any CPU
		{72DB3588-991A-405C-A2B1-1D36BF1D8A48}.Release|Any CPU.Build.0 = Release|Any CPU
	EndGlobalSection
	GlobalSection(SolutionProperties) = preSolution
		HideSolutionNode = FALSE
	EndGlobalSection
	GlobalSection(ExtensibilityGlobals) = postSolution
		SolutionGuid = {FF0E61BE-2672-4AD6-8A4A-F5CB71AE235C}
	EndGlobalSection
EndGlobal
